
Microsoft Visual Studio Solution File, Format Version 12.00
# Visual Studio 15
VisualStudioVersion = 15.0.27428.1
MinimumVisualStudioVersion = 10.0.40219.1
Project("{FAE04EC0-301F-11D3-BF4B-00C04F79EFBC}") = "MCAutoVote", "MCAutoVote\MCAutoVote.csproj", "{30F8DD6C-2DDF-4EF3-AFB5-EE300A31F035}"
EndProject
Global
	GlobalSection(SolutionConfigurationPlatforms) = preSolution
		Debug|Any CPU = Debug|Any CPU
		Release|Any CPU = Release|Any CPU
	EndGlobalSection
	GlobalSection(ProjectConfigurationPlatforms) = postSolution
		{30F8DD6C-2DDF-4EF3-AFB5-EE300A31F035}.Debug|Any CPU.ActiveCfg = Debug|Any CPU
		{30F8DD6C-2DDF-4EF3-AFB5-EE300A31F035}.Debug|Any CPU.Build.0 = Debug|Any CPU
		{30F8DD6C-2DDF-4EF3-AFB5-EE300A31F035}.Release|Any CPU.ActiveCfg = Release|Any CPU
		{30F8DD6C-2DDF-4EF3-AFB5-EE300A31F035}.Release|Any CPU.Build.0 = Release|Any CPU
	EndGlobalSection
	GlobalSection(SolutionProperties) = preSolution
		HideSolutionNode = FALSE
	EndGlobalSection
	GlobalSection(ExtensibilityGlobals) = postSolution
		SolutionGuid = {91DEE719-AC3B-44E5-A126-8E6952F33533}
	EndGlobalSection
EndGlobal
